
Microsoft Visual Studio Solution File, Format Version 12.00
# Visual Studio 15
VisualStudioVersion = 15.0.28307.271
MinimumVisualStudioVersion = 10.0.40219.1
Project("{FAE04EC0-301F-11D3-BF4B-00C04F79EFBC}") = "Glava2", "Glava2\Glava2.csproj", "{DD890942-91AA-4CAA-9190-39C5A07FD188}"
EndProject
Global
	GlobalSection(SolutionConfigurationPlatforms) = preSolution
		Debug|Any CPU = Debug|Any CPU
		Release|Any CPU = Release|Any CPU
	EndGlobalSection
	GlobalSection(ProjectConfigurationPlatforms) = postSolution
		{DD890942-91AA-4CAA-9190-39C5A07FD188}.Debug|Any CPU.ActiveCfg = Debug|Any CPU
		{DD890942-91AA-4CAA-9190-39C5A07FD188}.Debug|Any CPU.Build.0 = Debug|Any CPU
		{DD890942-91AA-4CAA-9190-39C5A07FD188}.Release|Any CPU.ActiveCfg = Release|Any CPU
		{DD890942-91AA-4CAA-9190-39C5A07FD188}.Release|Any CPU.Build.0 = Release|Any CPU
	EndGlobalSection
	GlobalSection(SolutionProperties) = preSolution
		HideSolutionNode = FALSE
	EndGlobalSection
	GlobalSection(ExtensibilityGlobals) = postSolution
		SolutionGuid = {B1C463B1-0F4A-4A55-91FB-385CA68CC1F1}
	EndGlobalSection
EndGlobal
