
Microsoft Visual Studio Solution File, Format Version 12.00
# Visual Studio 15
VisualStudioVersion = 15.0.28307.271
MinimumVisualStudioVersion = 10.0.40219.1
Project("{FAE04EC0-301F-11D3-BF4B-00C04F79EFBC}") = "Task1", "Task1\Task1.csproj", "{68410C5A-199D-4ECD-A3E8-6C15950168B7}"
EndProject
Project("{FAE04EC0-301F-11D3-BF4B-00C04F79EFBC}") = "Task2", "Task2\Task2.csproj", "{5919974C-1D6B-412D-A424-C7BEF9E25031}"
EndProject
Project("{FAE04EC0-301F-11D3-BF4B-00C04F79EFBC}") = "Task3", "Task3\Task3.csproj", "{99AAA0A5-B7D4-4122-A23F-62FF29A25B3A}"
EndProject
Global
	GlobalSection(SolutionConfigurationPlatforms) = preSolution
		Debug|Any CPU = Debug|Any CPU
		Release|Any CPU = Release|Any CPU
	EndGlobalSection
	GlobalSection(ProjectConfigurationPlatforms) = postSolution
		{68410C5A-199D-4ECD-A3E8-6C15950168B7}.Debug|Any CPU.ActiveCfg = Debug|Any CPU
		{68410C5A-199D-4ECD-A3E8-6C15950168B7}.Debug|Any CPU.Build.0 = Debug|Any CPU
		{68410C5A-199D-4ECD-A3E8-6C15950168B7}.Release|Any CPU.ActiveCfg = Release|Any CPU
		{68410C5A-199D-4ECD-A3E8-6C15950168B7}.Release|Any CPU.Build.0 = Release|Any CPU
		{5919974C-1D6B-412D-A424-C7BEF9E25031}.Debug|Any CPU.ActiveCfg = Debug|Any CPU
		{5919974C-1D6B-412D-A424-C7BEF9E25031}.Debug|Any CPU.Build.0 = Debug|Any CPU
		{5919974C-1D6B-412D-A424-C7BEF9E25031}.Release|Any CPU.ActiveCfg = Release|Any CPU
		{5919974C-1D6B-412D-A424-C7BEF9E25031}.Release|Any CPU.Build.0 = Release|Any CPU
		{99AAA0A5-B7D4-4122-A23F-62FF29A25B3A}.Debug|Any CPU.ActiveCfg = Debug|Any CPU
		{99AAA0A5-B7D4-4122-A23F-62FF29A25B3A}.Debug|Any CPU.Build.0 = Debug|Any CPU
		{99AAA0A5-B7D4-4122-A23F-62FF29A25B3A}.Release|Any CPU.ActiveCfg = Release|Any CPU
		{99AAA0A5-B7D4-4122-A23F-62FF29A25B3A}.Release|Any CPU.Build.0 = Release|Any CPU
	EndGlobalSection
	GlobalSection(SolutionProperties) = preSolution
		HideSolutionNode = FALSE
	EndGlobalSection
	GlobalSection(ExtensibilityGlobals) = postSolution
		SolutionGuid = {30439F39-1C7F-41D1-B938-2158A9ABE031}
	EndGlobalSection
EndGlobal
